
Microsoft Visual Studio Solution File, Format Version 12.00
# Visual Studio Version 16
VisualStudioVersion = 16.0.31613.86
MinimumVisualStudioVersion = 10.0.40219.1
Project("{FAE04EC0-301F-11D3-BF4B-00C04F79EFBC}") = "JokesWebApp", "JokesWebApp.csproj", "{0E1D8370-FB58-40C8-AE68-B43EF1776A09}"
EndProject
Global
	GlobalSection(SolutionConfigurationPlatforms) = preSolution
		Debug|Any CPU = Debug|Any CPU
		Release|Any CPU = Release|Any CPU
	EndGlobalSection
	GlobalSection(ProjectConfigurationPlatforms) = postSolution
		{0E1D8370-FB58-40C8-AE68-B43EF1776A09}.Debug|Any CPU.ActiveCfg = Debug|Any CPU
		{0E1D8370-FB58-40C8-AE68-B43EF1776A09}.Debug|Any CPU.Build.0 = Debug|Any CPU
		{0E1D8370-FB58-40C8-AE68-B43EF1776A09}.Release|Any CPU.ActiveCfg = Release|Any CPU
		{0E1D8370-FB58-40C8-AE68-B43EF1776A09}.Release|Any CPU.Build.0 = Release|Any CPU
	EndGlobalSection
	GlobalSection(SolutionProperties) = preSolution
		HideSolutionNode = FALSE
	EndGlobalSection
	GlobalSection(ExtensibilityGlobals) = postSolution
		SolutionGuid = {8119B763-0A13-4E1A-8370-ED4B04F5A1A8}
	EndGlobalSection
EndGlobal
